
Microsoft Visual Studio Solution File, Format Version 12.00
# Visual Studio 15
VisualStudioVersion = 15.0.28307.705
MinimumVisualStudioVersion = 10.0.40219.1
Project("{FAE04EC0-301F-11D3-BF4B-00C04F79EFBC}") = "Generic_Approach", "Generic_Approach\Generic_Approach.csproj", "{4B909F7A-2A5A-4F14-8614-85C8AFAF32CC}"
EndProject
Global
	GlobalSection(SolutionConfigurationPlatforms) = preSolution
		Debug|Any CPU = Debug|Any CPU
		Release|Any CPU = Release|Any CPU
	EndGlobalSection
	GlobalSection(ProjectConfigurationPlatforms) = postSolution
		{4B909F7A-2A5A-4F14-8614-85C8AFAF32CC}.Debug|Any CPU.ActiveCfg = Debug|Any CPU
		{4B909F7A-2A5A-4F14-8614-85C8AFAF32CC}.Debug|Any CPU.Build.0 = Debug|Any CPU
		{4B909F7A-2A5A-4F14-8614-85C8AFAF32CC}.Release|Any CPU.ActiveCfg = Release|Any CPU
		{4B909F7A-2A5A-4F14-8614-85C8AFAF32CC}.Release|Any CPU.Build.0 = Release|Any CPU
	EndGlobalSection
	GlobalSection(SolutionProperties) = preSolution
		HideSolutionNode = FALSE
	EndGlobalSection
	GlobalSection(ExtensibilityGlobals) = postSolution
		SolutionGuid = {6F16AB33-46BF-4EF2-9B01-1D38C8771E77}
	EndGlobalSection
EndGlobal
